
Microsoft Visual Studio Solution File, Format Version 12.00
# Visual Studio 15
VisualStudioVersion = 15.0.28010.2036
MinimumVisualStudioVersion = 10.0.40219.1
Project("{8BC9CEB8-8B4A-11D0-8D11-00A0C91BC942}") = "04.PTPmotion", "04.PTPmotion\04.PTPmotion.vcxproj", "{DD148867-8D8E-4A21-B4FD-624B3B1EC812}"
EndProject
Global
	GlobalSection(SolutionConfigurationPlatforms) = preSolution
		Debug|Win32 = Debug|Win32
		Debug|x64 = Debug|x64
		Release|Win32 = Release|Win32
		Release|x64 = Release|x64
	EndGlobalSection
	GlobalSection(ProjectConfigurationPlatforms) = postSolution
		{DD148867-8D8E-4A21-B4FD-624B3B1EC812}.Debug|Win32.ActiveCfg = Debug|Win32
		{DD148867-8D8E-4A21-B4FD-624B3B1EC812}.Debug|Win32.Build.0 = Debug|Win32
		{DD148867-8D8E-4A21-B4FD-624B3B1EC812}.Debug|x64.ActiveCfg = Debug|x64
		{DD148867-8D8E-4A21-B4FD-624B3B1EC812}.Debug|x64.Build.0 = Debug|x64
		{DD148867-8D8E-4A21-B4FD-624B3B1EC812}.Release|Win32.ActiveCfg = Release|Win32
		{DD148867-8D8E-4A21-B4FD-624B3B1EC812}.Release|Win32.Build.0 = Release|Win32
		{DD148867-8D8E-4A21-B4FD-624B3B1EC812}.Release|x64.ActiveCfg = Release|x64
		{DD148867-8D8E-4A21-B4FD-624B3B1EC812}.Release|x64.Build.0 = Release|x64
	EndGlobalSection
	GlobalSection(SolutionProperties) = preSolution
		HideSolutionNode = FALSE
	EndGlobalSection
	GlobalSection(ExtensibilityGlobals) = postSolution
		SolutionGuid = {408BA0EE-7F59-4903-8076-6083ADD18AE7}
	EndGlobalSection
EndGlobal
