
Microsoft Visual Studio Solution File, Format Version 12.00
# Visual Studio 15
VisualStudioVersion = 15.0.28010.2036
MinimumVisualStudioVersion = 10.0.40219.1
Project("{FAE04EC0-301F-11D3-BF4B-00C04F79EFBC}") = "02.setRobotParameter", "02.setRobotParameter\02.setRobotParameter.csproj", "{7EC8B995-A956-4621-94E3-EA51791C58FB}"
EndProject
Global
	GlobalSection(SolutionConfigurationPlatforms) = preSolution
		Debug|x64 = Debug|x64
		Debug|x86 = Debug|x86
		Release|x64 = Release|x64
		Release|x86 = Release|x86
	EndGlobalSection
	GlobalSection(ProjectConfigurationPlatforms) = postSolution
		{7EC8B995-A956-4621-94E3-EA51791C58FB}.Debug|x64.ActiveCfg = Debug|x64
		{7EC8B995-A956-4621-94E3-EA51791C58FB}.Debug|x64.Build.0 = Debug|x64
		{7EC8B995-A956-4621-94E3-EA51791C58FB}.Debug|x86.ActiveCfg = Debug|x86
		{7EC8B995-A956-4621-94E3-EA51791C58FB}.Debug|x86.Build.0 = Debug|x86
		{7EC8B995-A956-4621-94E3-EA51791C58FB}.Release|x64.ActiveCfg = Release|x64
		{7EC8B995-A956-4621-94E3-EA51791C58FB}.Release|x64.Build.0 = Release|x64
		{7EC8B995-A956-4621-94E3-EA51791C58FB}.Release|x86.ActiveCfg = Release|x86
		{7EC8B995-A956-4621-94E3-EA51791C58FB}.Release|x86.Build.0 = Release|x86
	EndGlobalSection
	GlobalSection(SolutionProperties) = preSolution
		HideSolutionNode = FALSE
	EndGlobalSection
	GlobalSection(ExtensibilityGlobals) = postSolution
		SolutionGuid = {5DE5F24B-B0B8-41BE-B5A8-B529406E3F8A}
	EndGlobalSection
EndGlobal
