
Microsoft Visual Studio Solution File, Format Version 12.00
# Visual Studio 15
VisualStudioVersion = 15.0.28010.2036
MinimumVisualStudioVersion = 10.0.40219.1
Project("{F184B08F-C81C-45F6-A57F-5ABD9991F28F}") = "10.TaskStart", "10.TaskStart\10.TaskStart.vbproj", "{E1640766-2F2A-4980-87BE-C6491660F976}"
EndProject
Global
	GlobalSection(SolutionConfigurationPlatforms) = preSolution
		Debug|x64 = Debug|x64
		Debug|x86 = Debug|x86
		Release|x64 = Release|x64
		Release|x86 = Release|x86
	EndGlobalSection
	GlobalSection(ProjectConfigurationPlatforms) = postSolution
		{E1640766-2F2A-4980-87BE-C6491660F976}.Debug|x64.ActiveCfg = Debug|x64
		{E1640766-2F2A-4980-87BE-C6491660F976}.Debug|x64.Build.0 = Debug|x64
		{E1640766-2F2A-4980-87BE-C6491660F976}.Debug|x86.ActiveCfg = Debug|x64
		{E1640766-2F2A-4980-87BE-C6491660F976}.Debug|x86.Build.0 = Debug|x64
		{E1640766-2F2A-4980-87BE-C6491660F976}.Release|x64.ActiveCfg = Release|x64
		{E1640766-2F2A-4980-87BE-C6491660F976}.Release|x64.Build.0 = Release|x64
		{E1640766-2F2A-4980-87BE-C6491660F976}.Release|x86.ActiveCfg = Release|x86
		{E1640766-2F2A-4980-87BE-C6491660F976}.Release|x86.Build.0 = Release|x86
	EndGlobalSection
	GlobalSection(SolutionProperties) = preSolution
		HideSolutionNode = FALSE
	EndGlobalSection
	GlobalSection(ExtensibilityGlobals) = postSolution
		SolutionGuid = {B2553D7E-C445-483B-808D-98CC36D34BB2}
	EndGlobalSection
EndGlobal
