
Microsoft Visual Studio Solution File, Format Version 12.00
# Visual Studio 15
VisualStudioVersion = 15.0.28010.2036
MinimumVisualStudioVersion = 10.0.40219.1
Project("{F184B08F-C81C-45F6-A57F-5ABD9991F28F}") = "07.Motion", "07.Motion\07.Motion.vbproj", "{1455078F-F168-4231-B656-280E9FE03525}"
EndProject
Global
	GlobalSection(SolutionConfigurationPlatforms) = preSolution
		Debug|x64 = Debug|x64
		Debug|x86 = Debug|x86
		Release|x64 = Release|x64
		Release|x86 = Release|x86
	EndGlobalSection
	GlobalSection(ProjectConfigurationPlatforms) = postSolution
		{1455078F-F168-4231-B656-280E9FE03525}.Debug|x64.ActiveCfg = Debug|x64
		{1455078F-F168-4231-B656-280E9FE03525}.Debug|x64.Build.0 = Debug|x64
		{1455078F-F168-4231-B656-280E9FE03525}.Debug|x86.ActiveCfg = Debug|x86
		{1455078F-F168-4231-B656-280E9FE03525}.Debug|x86.Build.0 = Debug|x86
		{1455078F-F168-4231-B656-280E9FE03525}.Release|x64.ActiveCfg = Release|x64
		{1455078F-F168-4231-B656-280E9FE03525}.Release|x64.Build.0 = Release|x64
		{1455078F-F168-4231-B656-280E9FE03525}.Release|x86.ActiveCfg = Release|x86
		{1455078F-F168-4231-B656-280E9FE03525}.Release|x86.Build.0 = Release|x86
	EndGlobalSection
	GlobalSection(SolutionProperties) = preSolution
		HideSolutionNode = FALSE
	EndGlobalSection
	GlobalSection(ExtensibilityGlobals) = postSolution
		SolutionGuid = {E8A01F6A-E6E5-4070-A4FD-0A25F2BF243E}
	EndGlobalSection
EndGlobal
