
Microsoft Visual Studio Solution File, Format Version 12.00
# Visual Studio 15
VisualStudioVersion = 15.0.28010.2036
MinimumVisualStudioVersion = 10.0.40219.1
Project("{FAE04EC0-301F-11D3-BF4B-00C04F79EFBC}") = "01.get_robot_info", "01.get_robot_info\01.get_robot_info.csproj", "{7FF685D6-8ADE-4262-94CC-5600AE12957C}"
EndProject
Global
	GlobalSection(SolutionConfigurationPlatforms) = preSolution
		Debug|Any CPU = Debug|Any CPU
		Debug|x64 = Debug|x64
		Debug|x86 = Debug|x86
		Release|Any CPU = Release|Any CPU
		Release|x64 = Release|x64
		Release|x86 = Release|x86
	EndGlobalSection
	GlobalSection(ProjectConfigurationPlatforms) = postSolution
		{7FF685D6-8ADE-4262-94CC-5600AE12957C}.Debug|Any CPU.ActiveCfg = Debug|Any CPU
		{7FF685D6-8ADE-4262-94CC-5600AE12957C}.Debug|Any CPU.Build.0 = Debug|Any CPU
		{7FF685D6-8ADE-4262-94CC-5600AE12957C}.Debug|x64.ActiveCfg = Debug|x64
		{7FF685D6-8ADE-4262-94CC-5600AE12957C}.Debug|x64.Build.0 = Debug|x64
		{7FF685D6-8ADE-4262-94CC-5600AE12957C}.Debug|x86.ActiveCfg = Debug|x86
		{7FF685D6-8ADE-4262-94CC-5600AE12957C}.Debug|x86.Build.0 = Debug|x86
		{7FF685D6-8ADE-4262-94CC-5600AE12957C}.Release|Any CPU.ActiveCfg = Release|Any CPU
		{7FF685D6-8ADE-4262-94CC-5600AE12957C}.Release|Any CPU.Build.0 = Release|Any CPU
		{7FF685D6-8ADE-4262-94CC-5600AE12957C}.Release|x64.ActiveCfg = Release|x64
		{7FF685D6-8ADE-4262-94CC-5600AE12957C}.Release|x64.Build.0 = Release|x64
		{7FF685D6-8ADE-4262-94CC-5600AE12957C}.Release|x86.ActiveCfg = Release|x86
		{7FF685D6-8ADE-4262-94CC-5600AE12957C}.Release|x86.Build.0 = Release|x86
	EndGlobalSection
	GlobalSection(SolutionProperties) = preSolution
		HideSolutionNode = FALSE
	EndGlobalSection
	GlobalSection(ExtensibilityGlobals) = postSolution
		SolutionGuid = {69286799-03DF-41E8-8DB0-B8B3B30BFCA2}
	EndGlobalSection
EndGlobal
