
Microsoft Visual Studio Solution File, Format Version 12.00
# Visual Studio 15
VisualStudioVersion = 15.0.28010.2036
MinimumVisualStudioVersion = 10.0.40219.1
Project("{FAE04EC0-301F-11D3-BF4B-00C04F79EFBC}") = "07.Motion", "07.Motion\07.Motion.csproj", "{B8501876-6657-4D19-A5B5-7237E1731083}"
EndProject
Global
	GlobalSection(SolutionConfigurationPlatforms) = preSolution
		Debug|x64 = Debug|x64
		Debug|x86 = Debug|x86
		Release|x64 = Release|x64
		Release|x86 = Release|x86
	EndGlobalSection
	GlobalSection(ProjectConfigurationPlatforms) = postSolution
		{B8501876-6657-4D19-A5B5-7237E1731083}.Debug|x64.ActiveCfg = Debug|x64
		{B8501876-6657-4D19-A5B5-7237E1731083}.Debug|x64.Build.0 = Debug|x64
		{B8501876-6657-4D19-A5B5-7237E1731083}.Debug|x86.ActiveCfg = Debug|x86
		{B8501876-6657-4D19-A5B5-7237E1731083}.Debug|x86.Build.0 = Debug|x86
		{B8501876-6657-4D19-A5B5-7237E1731083}.Release|x64.ActiveCfg = Release|x64
		{B8501876-6657-4D19-A5B5-7237E1731083}.Release|x64.Build.0 = Release|x64
		{B8501876-6657-4D19-A5B5-7237E1731083}.Release|x86.ActiveCfg = Release|x86
		{B8501876-6657-4D19-A5B5-7237E1731083}.Release|x86.Build.0 = Release|x86
	EndGlobalSection
	GlobalSection(SolutionProperties) = preSolution
		HideSolutionNode = FALSE
	EndGlobalSection
	GlobalSection(ExtensibilityGlobals) = postSolution
		SolutionGuid = {25FC61A7-6E02-41CC-B1B7-F891F7C4DA64}
	EndGlobalSection
EndGlobal
